
Microsoft Visual Studio Solution File, Format Version 12.00
Project("{FAE04EC0-301F-11D3-BF4B-00C04F79EFBC}") = "Elastic.Markdown", "src\Elastic.Markdown\Elastic.Markdown.csproj", "{4D198E25-C211-41DC-9E84-B15E89BD7048}"
EndProject
Project("{FAE04EC0-301F-11D3-BF4B-00C04F79EFBC}") = "docs", "docs\docs.csproj", "{13387C19-03EC-41AC-A0FC-B5A7E3761DA6}"
EndProject
Project("{2150E333-8FDC-42A3-9474-1A3956D46DE8}") = "root", "root", "{94AC66E5-38C3-4625-92D3-08990FD5F429}"
	ProjectSection(SolutionItems) = preProject
		Directory.Build.props = Directory.Build.props
		README.md = README.md
		build.bat = build.bat
		build.sh = build.sh
		dotnet-tools.json = dotnet-tools.json
		global.json = global.json
		Directory.Packages.props = Directory.Packages.props
	EndProjectSection
EndProject
Project("{2150E333-8FDC-42A3-9474-1A3956D46DE8}") = "src", "src", "{BE6011CC-1200-4957-B01F-FCCA10C5CF5A}"
	ProjectSection(SolutionItems) = preProject
		src\Directory.Build.props = src\Directory.Build.props
	EndProjectSection
EndProject
Project("{FAE04EC0-301F-11D3-BF4B-00C04F79EFBC}") = "docs-builder", "src\tooling\docs-builder\docs-builder.csproj", "{01F05AD0-E0E0-401F-A7EC-905928E1E9F0}"
EndProject
Project("{FAE04EC0-301F-11D3-BF4B-00C04F79EFBC}") = ".github", ".github\.github.csproj", "{1A8659C1-222A-4824-B562-ED8F88658C05}"
EndProject
Project("{2150E333-8FDC-42A3-9474-1A3956D46DE8}") = "tests", "tests", "{67B576EE-02FA-4F9B-94BC-3630BC09ECE5}"
EndProject
Project("{FAE04EC0-301F-11D3-BF4B-00C04F79EFBC}") = "Elastic.Markdown.Tests", "tests\Elastic.Markdown.Tests\Elastic.Markdown.Tests.csproj", "{B27C5107-128B-465A-B8F8-8985399E4CFB}"
EndProject
Project("{2150E333-8FDC-42A3-9474-1A3956D46DE8}") = "actions", "actions", "{245023D2-D3CA-47B9-831D-DAB91A2FFDC7}"
EndProject
Project("{2150E333-8FDC-42A3-9474-1A3956D46DE8}") = "publish", "publish", "{CD2887E3-BDA9-434B-A5BF-9ED38DE20332}"
	ProjectSection(SolutionItems) = preProject
		actions\publish\action.yml = actions\publish\action.yml
		actions\publish\github-pages.png = actions\publish\github-pages.png
	EndProjectSection
EndProject
Project("{2150E333-8FDC-42A3-9474-1A3956D46DE8}") = "publish-vercel", "publish-vercel", "{A2A34BBC-CB5E-4100-9529-A12B6ECB769C}"
	ProjectSection(SolutionItems) = preProject
		actions\publish-vercel\action.yml = actions\publish-vercel\action.yml
	EndProjectSection
EndProject
Project("{F2A71F9B-5D33-465A-A702-920D77279786}") = "build", "build\build.fsproj", "{10857974-6CF1-42B5-B793-AAA988BD7348}"
EndProject
Project("{FAE04EC0-301F-11D3-BF4B-00C04F79EFBC}") = "docs-assembler", "src\tooling\docs-assembler\docs-assembler.csproj", "{28350800-B44B-479B-86E2-1D39E321C0B4}"
EndProject
Project("{F2A71F9B-5D33-465A-A702-920D77279786}") = "authoring", "tests\authoring\authoring.fsproj", "{018F959E-824B-4664-B345-066784478D24}"
EndProject
Project("{FAE04EC0-301F-11D3-BF4B-00C04F79EFBC}") = "Elastic.Documentation.Refactor", "src\authoring\Elastic.Documentation.Refactor\Elastic.Documentation.Refactor.csproj", "{7D36DDDA-9E0B-4D2C-8033-5D62FF8B6166}"
EndProject
Project("{2150E333-8FDC-42A3-9474-1A3956D46DE8}") = "assembler", "assembler", "{CFEE9FAD-9E0C-4C0E-A0C2-B97D594C14B5}"
	ProjectSection(SolutionItems) = preProject
		actions\assembler\action.yml = actions\assembler\action.yml
	EndProjectSection
EndProject
Project("{FAE04EC0-301F-11D3-BF4B-00C04F79EFBC}") = "Elastic.Documentation.Tooling", "src\tooling\Elastic.Documentation.Tooling\Elastic.Documentation.Tooling.csproj", "{4CCE599A-B9FE-4DF2-8763-34CF0A99D4AA}"
EndProject
Project("{2150E333-8FDC-42A3-9474-1A3956D46DE8}") = "validate-inbound-local", "validate-inbound-local", "{6E2ED6CC-AFC1-4E58-965D-6AEC500EBB46}"
	ProjectSection(SolutionItems) = preProject
		actions\validate-inbound-local\action.yml = actions\validate-inbound-local\action.yml
	EndProjectSection
EndProject
Project("{2150E333-8FDC-42A3-9474-1A3956D46DE8}") = "update-link-index", "update-link-index", "{6554F917-73CE-4B3D-9101-F28EAA762C6B}"
	ProjectSection(SolutionItems) = preProject
		actions\update-link-index\action.yml = actions\update-link-index\action.yml
		actions\update-link-index\README.md = actions\update-link-index\README.md
	EndProjectSection
EndProject
Project("{FAE04EC0-301F-11D3-BF4B-00C04F79EFBC}") = "docs-lambda-index-publisher", "src\infra\docs-lambda-index-publisher\docs-lambda-index-publisher.csproj", "{C559D52D-100B-4B2B-BE87-2344D835761D}"
EndProject
Project("{FAE04EC0-301F-11D3-BF4B-00C04F79EFBC}") = "docs-assembler.Tests", "tests\docs-assembler.Tests\src\docs-assembler.Tests\docs-assembler.Tests.csproj", "{CDC0ECF4-6597-4FBA-8D25-5C244F0877E3}"
EndProject
Project("{2150E333-8FDC-42A3-9474-1A3956D46DE8}") = "infra", "infra", "{4894063D-0DEF-4B7E-97D0-0D0A5B85C608}"
EndProject
Project("{2150E333-8FDC-42A3-9474-1A3956D46DE8}") = "validate-path-prefixes-local", "validate-path-prefixes-local", "{BB789671-B262-43DD-91DB-39F9186B8257}"
	ProjectSection(SolutionItems) = preProject
		actions\validate-path-prefixes-local\action.yml = actions\validate-path-prefixes-local\action.yml
	EndProjectSection
EndProject
Project("{FAE04EC0-301F-11D3-BF4B-00C04F79EFBC}") = "Elastic.Documentation", "src\Elastic.Documentation\Elastic.Documentation.csproj", "{09CE30F6-013A-49ED-B3D6-60AFA84682AC}"
EndProject
Project("{FAE04EC0-301F-11D3-BF4B-00C04F79EFBC}") = "Elastic.Documentation.Configuration", "src\Elastic.Documentation.Configuration\Elastic.Documentation.Configuration.csproj", "{CD94F9E4-7FCD-4152-81F1-4288C6B75367}"
EndProject
Project("{2150E333-8FDC-42A3-9474-1A3956D46DE8}") = "tooling", "tooling", "{73ABAE37-118F-4A53-BC2C-F19333555C90}"
	ProjectSection(SolutionItems) = preProject
		src\tooling\Directory.Build.props = src\tooling\Directory.Build.props
	EndProjectSection
EndProject
Project("{2150E333-8FDC-42A3-9474-1A3956D46DE8}") = "authoring", "authoring", "{059E787F-85C1-43BE-9DD6-CE319E106383}"
EndProject
Project("{2150E333-8FDC-42A3-9474-1A3956D46DE8}") = "assembler-match", "assembler-match", "{FB1C1954-D8E2-4745-BA62-04DD82FB4792}"
	ProjectSection(SolutionItems) = preProject
		actions\assembler-match\action.yml = actions\assembler-match\action.yml
	EndProjectSection
EndProject
Project("{2150E333-8FDC-42A3-9474-1A3956D46DE8}") = "assembler-config-validate", "assembler-config-validate", "{E20FEEF9-1D1A-4CDA-A546-7FDC573BE399}"
	ProjectSection(SolutionItems) = preProject
		actions\assembler-config-validate\action.yml = actions\assembler-config-validate\action.yml
	EndProjectSection
EndProject
Project("{FAE04EC0-301F-11D3-BF4B-00C04F79EFBC}") = "Elastic.Documentation.LinkIndex", "src\Elastic.Documentation.LinkIndex\Elastic.Documentation.LinkIndex.csproj", "{FD1AC230-798B-4AB9-8CE6-A06264885DBC}"
EndProject
Global
	GlobalSection(SolutionConfigurationPlatforms) = preSolution
		Debug|Any CPU = Debug|Any CPU
		Release|Any CPU = Release|Any CPU
	EndGlobalSection
	GlobalSection(ProjectConfigurationPlatforms) = postSolution
		{4D198E25-C211-41DC-9E84-B15E89BD7048}.Debug|Any CPU.ActiveCfg = Debug|Any CPU
		{4D198E25-C211-41DC-9E84-B15E89BD7048}.Debug|Any CPU.Build.0 = Debug|Any CPU
		{4D198E25-C211-41DC-9E84-B15E89BD7048}.Release|Any CPU.ActiveCfg = Release|Any CPU
		{4D198E25-C211-41DC-9E84-B15E89BD7048}.Release|Any CPU.Build.0 = Release|Any CPU
		{13387C19-03EC-41AC-A0FC-B5A7E3761DA6}.Debug|Any CPU.ActiveCfg = Debug|Any CPU
		{13387C19-03EC-41AC-A0FC-B5A7E3761DA6}.Debug|Any CPU.Build.0 = Debug|Any CPU
		{13387C19-03EC-41AC-A0FC-B5A7E3761DA6}.Release|Any CPU.ActiveCfg = Release|Any CPU
		{13387C19-03EC-41AC-A0FC-B5A7E3761DA6}.Release|Any CPU.Build.0 = Release|Any CPU
		{01F05AD0-E0E0-401F-A7EC-905928E1E9F0}.Debug|Any CPU.ActiveCfg = Debug|Any CPU
		{01F05AD0-E0E0-401F-A7EC-905928E1E9F0}.Debug|Any CPU.Build.0 = Debug|Any CPU
		{01F05AD0-E0E0-401F-A7EC-905928E1E9F0}.Release|Any CPU.ActiveCfg = Release|Any CPU
		{01F05AD0-E0E0-401F-A7EC-905928E1E9F0}.Release|Any CPU.Build.0 = Release|Any CPU
		{1A8659C1-222A-4824-B562-ED8F88658C05}.Debug|Any CPU.ActiveCfg = Debug|Any CPU
		{1A8659C1-222A-4824-B562-ED8F88658C05}.Debug|Any CPU.Build.0 = Debug|Any CPU
		{1A8659C1-222A-4824-B562-ED8F88658C05}.Release|Any CPU.ActiveCfg = Release|Any CPU
		{1A8659C1-222A-4824-B562-ED8F88658C05}.Release|Any CPU.Build.0 = Release|Any CPU
		{B27C5107-128B-465A-B8F8-8985399E4CFB}.Debug|Any CPU.ActiveCfg = Debug|Any CPU
		{B27C5107-128B-465A-B8F8-8985399E4CFB}.Debug|Any CPU.Build.0 = Debug|Any CPU
		{B27C5107-128B-465A-B8F8-8985399E4CFB}.Release|Any CPU.ActiveCfg = Release|Any CPU
		{B27C5107-128B-465A-B8F8-8985399E4CFB}.Release|Any CPU.Build.0 = Release|Any CPU
		{10857974-6CF1-42B5-B793-AAA988BD7348}.Debug|Any CPU.ActiveCfg = Debug|Any CPU
		{10857974-6CF1-42B5-B793-AAA988BD7348}.Debug|Any CPU.Build.0 = Debug|Any CPU
		{10857974-6CF1-42B5-B793-AAA988BD7348}.Release|Any CPU.ActiveCfg = Release|Any CPU
		{28350800-B44B-479B-86E2-1D39E321C0B4}.Debug|Any CPU.ActiveCfg = Debug|Any CPU
		{28350800-B44B-479B-86E2-1D39E321C0B4}.Debug|Any CPU.Build.0 = Debug|Any CPU
		{28350800-B44B-479B-86E2-1D39E321C0B4}.Release|Any CPU.ActiveCfg = Release|Any CPU
		{28350800-B44B-479B-86E2-1D39E321C0B4}.Release|Any CPU.Build.0 = Release|Any CPU
		{018F959E-824B-4664-B345-066784478D24}.Debug|Any CPU.ActiveCfg = Debug|Any CPU
		{018F959E-824B-4664-B345-066784478D24}.Debug|Any CPU.Build.0 = Debug|Any CPU
		{018F959E-824B-4664-B345-066784478D24}.Release|Any CPU.ActiveCfg = Release|Any CPU
		{018F959E-824B-4664-B345-066784478D24}.Release|Any CPU.Build.0 = Release|Any CPU
		{7D36DDDA-9E0B-4D2C-8033-5D62FF8B6166}.Debug|Any CPU.ActiveCfg = Debug|Any CPU
		{7D36DDDA-9E0B-4D2C-8033-5D62FF8B6166}.Debug|Any CPU.Build.0 = Debug|Any CPU
		{7D36DDDA-9E0B-4D2C-8033-5D62FF8B6166}.Release|Any CPU.ActiveCfg = Release|Any CPU
		{7D36DDDA-9E0B-4D2C-8033-5D62FF8B6166}.Release|Any CPU.Build.0 = Release|Any CPU
		{4CCE599A-B9FE-4DF2-8763-34CF0A99D4AA}.Debug|Any CPU.ActiveCfg = Debug|Any CPU
		{4CCE599A-B9FE-4DF2-8763-34CF0A99D4AA}.Debug|Any CPU.Build.0 = Debug|Any CPU
		{4CCE599A-B9FE-4DF2-8763-34CF0A99D4AA}.Release|Any CPU.ActiveCfg = Release|Any CPU
		{4CCE599A-B9FE-4DF2-8763-34CF0A99D4AA}.Release|Any CPU.Build.0 = Release|Any CPU
		{C559D52D-100B-4B2B-BE87-2344D835761D}.Debug|Any CPU.ActiveCfg = Debug|Any CPU
		{C559D52D-100B-4B2B-BE87-2344D835761D}.Debug|Any CPU.Build.0 = Debug|Any CPU
		{C559D52D-100B-4B2B-BE87-2344D835761D}.Release|Any CPU.ActiveCfg = Release|Any CPU
		{C559D52D-100B-4B2B-BE87-2344D835761D}.Release|Any CPU.Build.0 = Release|Any CPU
		{CDC0ECF4-6597-4FBA-8D25-5C244F0877E3}.Debug|Any CPU.ActiveCfg = Debug|Any CPU
		{CDC0ECF4-6597-4FBA-8D25-5C244F0877E3}.Debug|Any CPU.Build.0 = Debug|Any CPU
		{CDC0ECF4-6597-4FBA-8D25-5C244F0877E3}.Release|Any CPU.ActiveCfg = Release|Any CPU
		{CDC0ECF4-6597-4FBA-8D25-5C244F0877E3}.Release|Any CPU.Build.0 = Release|Any CPU
		{09CE30F6-013A-49ED-B3D6-60AFA84682AC}.Debug|Any CPU.ActiveCfg = Debug|Any CPU
		{09CE30F6-013A-49ED-B3D6-60AFA84682AC}.Debug|Any CPU.Build.0 = Debug|Any CPU
		{09CE30F6-013A-49ED-B3D6-60AFA84682AC}.Release|Any CPU.ActiveCfg = Release|Any CPU
		{09CE30F6-013A-49ED-B3D6-60AFA84682AC}.Release|Any CPU.Build.0 = Release|Any CPU
		{CD94F9E4-7FCD-4152-81F1-4288C6B75367}.Debug|Any CPU.ActiveCfg = Debug|Any CPU
		{CD94F9E4-7FCD-4152-81F1-4288C6B75367}.Debug|Any CPU.Build.0 = Debug|Any CPU
		{CD94F9E4-7FCD-4152-81F1-4288C6B75367}.Release|Any CPU.ActiveCfg = Release|Any CPU
		{CD94F9E4-7FCD-4152-81F1-4288C6B75367}.Release|Any CPU.Build.0 = Release|Any CPU
		{FD1AC230-798B-4AB9-8CE6-A06264885DBC}.Debug|Any CPU.ActiveCfg = Debug|Any CPU
		{FD1AC230-798B-4AB9-8CE6-A06264885DBC}.Debug|Any CPU.Build.0 = Debug|Any CPU
		{FD1AC230-798B-4AB9-8CE6-A06264885DBC}.Release|Any CPU.ActiveCfg = Release|Any CPU
		{FD1AC230-798B-4AB9-8CE6-A06264885DBC}.Release|Any CPU.Build.0 = Release|Any CPU
	EndGlobalSection
	GlobalSection(NestedProjects) = preSolution
		{4D198E25-C211-41DC-9E84-B15E89BD7048} = {BE6011CC-1200-4957-B01F-FCCA10C5CF5A}
		{B27C5107-128B-465A-B8F8-8985399E4CFB} = {67B576EE-02FA-4F9B-94BC-3630BC09ECE5}
		{CD2887E3-BDA9-434B-A5BF-9ED38DE20332} = {245023D2-D3CA-47B9-831D-DAB91A2FFDC7}
		{A2A34BBC-CB5E-4100-9529-A12B6ECB769C} = {245023D2-D3CA-47B9-831D-DAB91A2FFDC7}
		{018F959E-824B-4664-B345-066784478D24} = {67B576EE-02FA-4F9B-94BC-3630BC09ECE5}
		{CFEE9FAD-9E0C-4C0E-A0C2-B97D594C14B5} = {245023D2-D3CA-47B9-831D-DAB91A2FFDC7}
		{6E2ED6CC-AFC1-4E58-965D-6AEC500EBB46} = {245023D2-D3CA-47B9-831D-DAB91A2FFDC7}
		{6554F917-73CE-4B3D-9101-F28EAA762C6B} = {245023D2-D3CA-47B9-831D-DAB91A2FFDC7}
		{CDC0ECF4-6597-4FBA-8D25-5C244F0877E3} = {67B576EE-02FA-4F9B-94BC-3630BC09ECE5}
		{4894063D-0DEF-4B7E-97D0-0D0A5B85C608} = {BE6011CC-1200-4957-B01F-FCCA10C5CF5A}
		{C559D52D-100B-4B2B-BE87-2344D835761D} = {4894063D-0DEF-4B7E-97D0-0D0A5B85C608}
		{BB789671-B262-43DD-91DB-39F9186B8257} = {245023D2-D3CA-47B9-831D-DAB91A2FFDC7}
		{09CE30F6-013A-49ED-B3D6-60AFA84682AC} = {BE6011CC-1200-4957-B01F-FCCA10C5CF5A}
		{CD94F9E4-7FCD-4152-81F1-4288C6B75367} = {BE6011CC-1200-4957-B01F-FCCA10C5CF5A}
		{73ABAE37-118F-4A53-BC2C-F19333555C90} = {BE6011CC-1200-4957-B01F-FCCA10C5CF5A}
		{28350800-B44B-479B-86E2-1D39E321C0B4} = {73ABAE37-118F-4A53-BC2C-F19333555C90}
		{01F05AD0-E0E0-401F-A7EC-905928E1E9F0} = {73ABAE37-118F-4A53-BC2C-F19333555C90}
		{4CCE599A-B9FE-4DF2-8763-34CF0A99D4AA} = {73ABAE37-118F-4A53-BC2C-F19333555C90}
		{059E787F-85C1-43BE-9DD6-CE319E106383} = {BE6011CC-1200-4957-B01F-FCCA10C5CF5A}
		{7D36DDDA-9E0B-4D2C-8033-5D62FF8B6166} = {059E787F-85C1-43BE-9DD6-CE319E106383}
		{FB1C1954-D8E2-4745-BA62-04DD82FB4792} = {245023D2-D3CA-47B9-831D-DAB91A2FFDC7}
		{E20FEEF9-1D1A-4CDA-A546-7FDC573BE399} = {245023D2-D3CA-47B9-831D-DAB91A2FFDC7}
		{FD1AC230-798B-4AB9-8CE6-A06264885DBC} = {BE6011CC-1200-4957-B01F-FCCA10C5CF5A}
	EndGlobalSection
EndGlobal
